
Microsoft Visual Studio Solution File, Format Version 12.00
# Visual Studio Version 16
VisualStudioVersion = 16.0.29503.13
MinimumVisualStudioVersion = 10.0.40219.1
Project("{9A19103F-16F7-4668-BE54-9A1E7A4F7556}") = "EFLinqToSql", "src\EFLinqToSql\EFLinqToSql.csproj", "{2E4E3E43-17FD-4832-AAE1-25E4D44AF11F}"
EndProject
Project("{2150E333-8FDC-42A3-9474-1A3956D46DE8}") = "src", "src", "{CB571BCF-75C6-4C61-A484-B217E513E247}"
EndProject
Project("{9A19103F-16F7-4668-BE54-9A1E7A4F7556}") = "EFLinqToSql.Razor", "src\EFLinqToSql.Razor\EFLinqToSql.Razor.csproj", "{7A942E25-A8DA-492C-9B3E-F83E8BC101B3}"
EndProject
Project("{9A19103F-16F7-4668-BE54-9A1E7A4F7556}") = "EFLinqToSql.Api", "src\EFLinqToSql.Api\EFLinqToSql.Api.csproj", "{7AD55170-47A0-44A6-9612-EAF3B927D998}"
EndProject
Global
	GlobalSection(SolutionConfigurationPlatforms) = preSolution
		Debug|Any CPU = Debug|Any CPU
		Release|Any CPU = Release|Any CPU
	EndGlobalSection
	GlobalSection(ProjectConfigurationPlatforms) = postSolution
		{2E4E3E43-17FD-4832-AAE1-25E4D44AF11F}.Debug|Any CPU.ActiveCfg = Debug|Any CPU
		{2E4E3E43-17FD-4832-AAE1-25E4D44AF11F}.Debug|Any CPU.Build.0 = Debug|Any CPU
		{2E4E3E43-17FD-4832-AAE1-25E4D44AF11F}.Release|Any CPU.ActiveCfg = Release|Any CPU
		{2E4E3E43-17FD-4832-AAE1-25E4D44AF11F}.Release|Any CPU.Build.0 = Release|Any CPU
		{7A942E25-A8DA-492C-9B3E-F83E8BC101B3}.Debug|Any CPU.ActiveCfg = Debug|Any CPU
		{7A942E25-A8DA-492C-9B3E-F83E8BC101B3}.Debug|Any CPU.Build.0 = Debug|Any CPU
		{7A942E25-A8DA-492C-9B3E-F83E8BC101B3}.Release|Any CPU.ActiveCfg = Release|Any CPU
		{7A942E25-A8DA-492C-9B3E-F83E8BC101B3}.Release|Any CPU.Build.0 = Release|Any CPU
		{7AD55170-47A0-44A6-9612-EAF3B927D998}.Debug|Any CPU.ActiveCfg = Debug|Any CPU
		{7AD55170-47A0-44A6-9612-EAF3B927D998}.Debug|Any CPU.Build.0 = Debug|Any CPU
		{7AD55170-47A0-44A6-9612-EAF3B927D998}.Release|Any CPU.ActiveCfg = Release|Any CPU
		{7AD55170-47A0-44A6-9612-EAF3B927D998}.Release|Any CPU.Build.0 = Release|Any CPU
	EndGlobalSection
	GlobalSection(SolutionProperties) = preSolution
		HideSolutionNode = FALSE
	EndGlobalSection
	GlobalSection(NestedProjects) = preSolution
		{2E4E3E43-17FD-4832-AAE1-25E4D44AF11F} = {CB571BCF-75C6-4C61-A484-B217E513E247}
		{7A942E25-A8DA-492C-9B3E-F83E8BC101B3} = {CB571BCF-75C6-4C61-A484-B217E513E247}
		{7AD55170-47A0-44A6-9612-EAF3B927D998} = {CB571BCF-75C6-4C61-A484-B217E513E247}
	EndGlobalSection
	GlobalSection(ExtensibilityGlobals) = postSolution
		SolutionGuid = {04529AAC-6DC9-458E-84E5-7B14BFAF3D02}
	EndGlobalSection
EndGlobal
